
Microsoft Visual Studio Solution File, Format Version 12.00
# Visual Studio Version 16
VisualStudioVersion = 16.0.31624.102
MinimumVisualStudioVersion = 10.0.40219.1
Project("{9A19103F-16F7-4668-BE54-9A1E7A4F7556}") = "ClipX", "ClipX\ClipX.csproj", "{2468CD70-4DCE-4B16-BB3B-A7096E8C157C}"
EndProject
Project("{2150E333-8FDC-42A3-9474-1A3956D46DE8}") = "Solution Items", "Solution Items", "{82005653-F672-4051-A226-57DC27216BB4}"
	ProjectSection(SolutionItems) = preProject
		docker-compose.yml = docker-compose.yml
	EndProjectSection
EndProject
Global
	GlobalSection(SolutionConfigurationPlatforms) = preSolution
		Debug|Any CPU = Debug|Any CPU
		Release|Any CPU = Release|Any CPU
	EndGlobalSection
	GlobalSection(ProjectConfigurationPlatforms) = postSolution
		{2468CD70-4DCE-4B16-BB3B-A7096E8C157C}.Debug|Any CPU.ActiveCfg = Debug|Any CPU
		{2468CD70-4DCE-4B16-BB3B-A7096E8C157C}.Debug|Any CPU.Build.0 = Debug|Any CPU
		{2468CD70-4DCE-4B16-BB3B-A7096E8C157C}.Release|Any CPU.ActiveCfg = Release|Any CPU
		{2468CD70-4DCE-4B16-BB3B-A7096E8C157C}.Release|Any CPU.Build.0 = Release|Any CPU
	EndGlobalSection
	GlobalSection(SolutionProperties) = preSolution
		HideSolutionNode = FALSE
	EndGlobalSection
	GlobalSection(ExtensibilityGlobals) = postSolution
		SolutionGuid = {ABAB03F2-6912-4092-9B31-88A0B7973C61}
	EndGlobalSection
EndGlobal
